// !$*UTF8*$!
{
	archiveVersion = 1;
	classes = {
	};
	objectVersion = 54;
	objects = {

/* Begin PBXBuildFile section */
		209BB31C060740785998EC21 /* Pods_SecondHand2iOS_SecondHand2iOSUITests.framework in Frameworks */ = {isa = PBXBuildFile; fileRef = 24D1DBAFE848CF31370A992B /* Pods_SecondHand2iOS_SecondHand2iOSUITests.framework */; };
		216AA476AD2489E52D36C2E3 /* Pods_SecondHand2iOS.framework in Frameworks */ = {isa = PBXBuildFile; fileRef = AD06DFA0798F06DD0D9DF417 /* Pods_SecondHand2iOS.framework */; };
		310AA2DE2856541B0066F90D /* AppDelegate.swift in Sources */ = {isa = PBXBuildFile; fileRef = 310AA2DD2856541B0066F90D /* AppDelegate.swift */; };
		310AA2E02856541B0066F90D /* SceneDelegate.swift in Sources */ = {isa = PBXBuildFile; fileRef = 310AA2DF2856541B0066F90D /* SceneDelegate.swift */; };
		310AA2E22856541B0066F90D /* TabBarMainViewController.swift in Sources */ = {isa = PBXBuildFile; fileRef = 310AA2E12856541B0066F90D /* TabBarMainViewController.swift */; };
		310AA2E52856541B0066F90D /* TabBarMainViewController.storyboard in Resources */ = {isa = PBXBuildFile; fileRef = 310AA2E32856541B0066F90D /* TabBarMainViewController.storyboard */; };
		310AA2E72856541E0066F90D /* Assets.xcassets in Resources */ = {isa = PBXBuildFile; fileRef = 310AA2E62856541E0066F90D /* Assets.xcassets */; };
		310AA2EA2856541E0066F90D /* LaunchScreen.storyboard in Resources */ = {isa = PBXBuildFile; fileRef = 310AA2E82856541E0066F90D /* LaunchScreen.storyboard */; };
		310AA2F52856541E0066F90D /* SecondHand2iOSTests.swift in Sources */ = {isa = PBXBuildFile; fileRef = 310AA2F42856541E0066F90D /* SecondHand2iOSTests.swift */; };
		310AA2FF2856541E0066F90D /* SecondHand2iOSUITests.swift in Sources */ = {isa = PBXBuildFile; fileRef = 310AA2FE2856541E0066F90D /* SecondHand2iOSUITests.swift */; };
		310AA3012856541E0066F90D /* SecondHand2iOSUITestsLaunchTests.swift in Sources */ = {isa = PBXBuildFile; fileRef = 310AA3002856541E0066F90D /* SecondHand2iOSUITestsLaunchTests.swift */; };
		310AA30F2856552D0066F90D /* CustomToast.swift in Sources */ = {isa = PBXBuildFile; fileRef = 310AA30E2856552D0066F90D /* CustomToast.swift */; };
		314FDE00285BCA790077CCC7 /* String+Extension.swift in Sources */ = {isa = PBXBuildFile; fileRef = 314FDDFF285BCA790077CCC7 /* String+Extension.swift */; };
		31582DED286C27BD00383FD6 /* RegisterFullViewController.swift in Sources */ = {isa = PBXBuildFile; fileRef = 31582DEC286C27BD00383FD6 /* RegisterFullViewController.swift */; };
		315F73822859206D009F3511 /* LoginViewController.storyboard in Resources */ = {isa = PBXBuildFile; fileRef = 315F73812859206D009F3511 /* LoginViewController.storyboard */; };
		315F738428592078009F3511 /* LoginViewController.swift in Sources */ = {isa = PBXBuildFile; fileRef = 315F738328592078009F3511 /* LoginViewController.swift */; };
		315F738728592A91009F3511 /* RegisterViewController.swift in Sources */ = {isa = PBXBuildFile; fileRef = 315F738628592A91009F3511 /* RegisterViewController.swift */; };
		315F738928592AD0009F3511 /* RegisterViewController.storyboard in Resources */ = {isa = PBXBuildFile; fileRef = 315F738828592AD0009F3511 /* RegisterViewController.storyboard */; };
		315F738B28592FBD009F3511 /* UbahAkunViewController.swift in Sources */ = {isa = PBXBuildFile; fileRef = 315F738A28592FBD009F3511 /* UbahAkunViewController.swift */; };
		315F739028599448009F3511 /* UIViewController+Extension.swift in Sources */ = {isa = PBXBuildFile; fileRef = 315F738F28599448009F3511 /* UIViewController+Extension.swift */; };
		316FF1262860832B0088768D /* GoogleService-Info.plist in Resources */ = {isa = PBXBuildFile; fileRef = 316FF1252860832B0088768D /* GoogleService-Info.plist */; };
		318CB14528576AFF003EB9B1 /* HomeViewController.storyboard in Resources */ = {isa = PBXBuildFile; fileRef = 318CB14428576AFF003EB9B1 /* HomeViewController.storyboard */; };
		318CB14728576B33003EB9B1 /* HomeViewController.swift in Sources */ = {isa = PBXBuildFile; fileRef = 318CB14628576B33003EB9B1 /* HomeViewController.swift */; };
		318CB14928576E09003EB9B1 /* NotifikasiTableViewController.storyboard in Resources */ = {isa = PBXBuildFile; fileRef = 318CB14828576E09003EB9B1 /* NotifikasiTableViewController.storyboard */; };
		318CB14B28576E15003EB9B1 /* NotifikasiTableViewController.swift in Sources */ = {isa = PBXBuildFile; fileRef = 318CB14A28576E15003EB9B1 /* NotifikasiTableViewController.swift */; };
		318CB14E2857714D003EB9B1 /* JualViewController.storyboard in Resources */ = {isa = PBXBuildFile; fileRef = 318CB14D2857714D003EB9B1 /* JualViewController.storyboard */; };
		318CB150285771A2003EB9B1 /* JualViewController.swift in Sources */ = {isa = PBXBuildFile; fileRef = 318CB14F285771A2003EB9B1 /* JualViewController.swift */; };
		318CB153285775D7003EB9B1 /* DaftarJualViewController.storyboard in Resources */ = {isa = PBXBuildFile; fileRef = 318CB152285775D7003EB9B1 /* DaftarJualViewController.storyboard */; };
		318CB15528577625003EB9B1 /* DaftarJualViewController.swift in Sources */ = {isa = PBXBuildFile; fileRef = 318CB15428577625003EB9B1 /* DaftarJualViewController.swift */; };
		318CB15828577722003EB9B1 /* AkunViewController.storyboard in Resources */ = {isa = PBXBuildFile; fileRef = 318CB15728577722003EB9B1 /* AkunViewController.storyboard */; };
		318CB15A28577789003EB9B1 /* AkunViewController.swift in Sources */ = {isa = PBXBuildFile; fileRef = 318CB15928577789003EB9B1 /* AkunViewController.swift */; };
		31A5422E285BD0AB0073CCDA /* SHAuthAPI.swift in Sources */ = {isa = PBXBuildFile; fileRef = 31A5422D285BD0AB0073CCDA /* SHAuthAPI.swift */; };
		31A54233285C08820073CCDA /* SHLoginResponseModel.swift in Sources */ = {isa = PBXBuildFile; fileRef = 31A54232285C08820073CCDA /* SHLoginResponseModel.swift */; };
		31B2CA11286127F500C8213B /* SHRegisterResponseModel.swift in Sources */ = {isa = PBXBuildFile; fileRef = 31B2CA10286127F500C8213B /* SHRegisterResponseModel.swift */; };
		31F8DDFF2861FB4700843B3F /* InfoPenawarViewController.swift in Sources */ = {isa = PBXBuildFile; fileRef = 31F8DDFE2861FB4700843B3F /* InfoPenawarViewController.swift */; };
		31F8DE012861FB7300843B3F /* InfoPenawarViewController.storyboard in Resources */ = {isa = PBXBuildFile; fileRef = 31F8DE002861FB7300843B3F /* InfoPenawarViewController.storyboard */; };
		31F8DE032862AC7800843B3F /* SHUpdateResponseModel.swift in Sources */ = {isa = PBXBuildFile; fileRef = 31F8DE022862AC7800843B3F /* SHUpdateResponseModel.swift */; };
		31F8DE052862BC2300843B3F /* SHUserDataResponseModel.swift in Sources */ = {isa = PBXBuildFile; fileRef = 31F8DE042862BC2300843B3F /* SHUserDataResponseModel.swift */; };
		57B3C8A1E951A827DA80BAF6 /* Pods_SecondHand2iOSTests.framework in Frameworks */ = {isa = PBXBuildFile; fileRef = 6B9F4BA413F4AD2DFD61F710 /* Pods_SecondHand2iOSTests.framework */; };
		5915E6382859C28000208372 /* NotificationTableViewCell.swift in Sources */ = {isa = PBXBuildFile; fileRef = 5915E6362859C28000208372 /* NotificationTableViewCell.swift */; };
		5915E6392859C28000208372 /* NotificationTableViewCell.xib in Resources */ = {isa = PBXBuildFile; fileRef = 5915E6372859C28000208372 /* NotificationTableViewCell.xib */; };
		5915E66C285B1C7100208372 /* DaftarJualTableViewCell.xib in Resources */ = {isa = PBXBuildFile; fileRef = 5915E66A285B1C7100208372 /* DaftarJualTableViewCell.xib */; };
		5915E66D285B1C7100208372 /* DaftarJualTableViewCell.swift in Sources */ = {isa = PBXBuildFile; fileRef = 5915E66B285B1C7100208372 /* DaftarJualTableViewCell.swift */; };
		5915E675285C946D00208372 /* CustomView.swift in Sources */ = {isa = PBXBuildFile; fileRef = 5915E674285C946D00208372 /* CustomView.swift */; };
		5915E67728646AB100208372 /* DaftarJualCollectionViewCell.swift in Sources */ = {isa = PBXBuildFile; fileRef = 5915E67628646AB100208372 /* DaftarJualCollectionViewCell.swift */; };
		A4418CA4285A9EF3003EE4A2 /* HomeCollectionViewCell.swift in Sources */ = {isa = PBXBuildFile; fileRef = A4418CA3285A9EF3003EE4A2 /* HomeCollectionViewCell.swift */; };
		A444A3E0285CAA3600307326 /* PreviewJualViewController.swift in Sources */ = {isa = PBXBuildFile; fileRef = A444A3DF285CAA3600307326 /* PreviewJualViewController.swift */; };
		A444A3E9285F4E8800307326 /* BannerImageCollectionViewCell.swift in Sources */ = {isa = PBXBuildFile; fileRef = A444A3E8285F4E8800307326 /* BannerImageCollectionViewCell.swift */; };
		A44DC0202869846200CD4053 /* OverlayPenawarView.swift in Sources */ = {isa = PBXBuildFile; fileRef = A44DC01F2869846200CD4053 /* OverlayPenawarView.swift */; };
		A44DC0222869846F00CD4053 /* OverlayPenawarView.xib in Resources */ = {isa = PBXBuildFile; fileRef = A44DC0212869846F00CD4053 /* OverlayPenawarView.xib */; };
		A487A10F2869274200E29A33 /* BuyerCollectionViewCell.swift in Sources */ = {isa = PBXBuildFile; fileRef = A487A10E2869274200E29A33 /* BuyerCollectionViewCell.swift */; };
		A487A1282869669700E29A33 /* PresentationController.swift in Sources */ = {isa = PBXBuildFile; fileRef = A487A1272869669700E29A33 /* PresentationController.swift */; };
		A487A12A2869679B00E29A33 /* OverlayBuyerView.xib in Resources */ = {isa = PBXBuildFile; fileRef = A487A1292869679B00E29A33 /* OverlayBuyerView.xib */; };
		A487A12C286967FE00E29A33 /* OverlayBuyerView.swift in Sources */ = {isa = PBXBuildFile; fileRef = A487A12B286967FE00E29A33 /* OverlayBuyerView.swift */; };
		A49BDAAA285B3E4C0009CB28 /* HomeProductCollectionCell.swift in Sources */ = {isa = PBXBuildFile; fileRef = A49BDAA9285B3E4C0009CB28 /* HomeProductCollectionCell.swift */; };
		A4A1ED3528651E7100633689 /* BuyerViewController.swift in Sources */ = {isa = PBXBuildFile; fileRef = A4A1ED3428651E7100633689 /* BuyerViewController.swift */; };
		A4A1ED3728651E8F00633689 /* BuyerViewController.storyboard in Resources */ = {isa = PBXBuildFile; fileRef = A4A1ED3628651E8F00633689 /* BuyerViewController.storyboard */; };
		A4C72B8A2863384C00F67AE8 /* ProductDataTableViewCell.swift in Sources */ = {isa = PBXBuildFile; fileRef = A4C72B882863384C00F67AE8 /* ProductDataTableViewCell.swift */; };
		A4C72B8B2863384C00F67AE8 /* ProductDataTableViewCell.xib in Resources */ = {isa = PBXBuildFile; fileRef = A4C72B892863384C00F67AE8 /* ProductDataTableViewCell.xib */; };
/* End PBXBuildFile section */

/* Begin PBXContainerItemProxy section */
		310AA2F12856541E0066F90D /* PBXContainerItemProxy */ = {
			isa = PBXContainerItemProxy;
			containerPortal = 310AA2D22856541A0066F90D /* Project object */;
			proxyType = 1;
			remoteGlobalIDString = 310AA2D92856541B0066F90D;
			remoteInfo = SecondHand2iOS;
		};
		310AA2FB2856541E0066F90D /* PBXContainerItemProxy */ = {
			isa = PBXContainerItemProxy;
			containerPortal = 310AA2D22856541A0066F90D /* Project object */;
			proxyType = 1;
			remoteGlobalIDString = 310AA2D92856541B0066F90D;
			remoteInfo = SecondHand2iOS;
		};
/* End PBXContainerItemProxy section */

/* Begin PBXFileReference section */
		24D1DBAFE848CF31370A992B /* Pods_SecondHand2iOS_SecondHand2iOSUITests.framework */ = {isa = PBXFileReference; explicitFileType = wrapper.framework; includeInIndex = 0; path = Pods_SecondHand2iOS_SecondHand2iOSUITests.framework; sourceTree = BUILT_PRODUCTS_DIR; };
		310AA2DA2856541B0066F90D /* SecondHand2iOS.app */ = {isa = PBXFileReference; explicitFileType = wrapper.application; includeInIndex = 0; path = SecondHand2iOS.app; sourceTree = BUILT_PRODUCTS_DIR; };
		310AA2DD2856541B0066F90D /* AppDelegate.swift */ = {isa = PBXFileReference; lastKnownFileType = sourcecode.swift; path = AppDelegate.swift; sourceTree = "<group>"; };
		310AA2DF2856541B0066F90D /* SceneDelegate.swift */ = {isa = PBXFileReference; lastKnownFileType = sourcecode.swift; path = SceneDelegate.swift; sourceTree = "<group>"; };
		310AA2E12856541B0066F90D /* TabBarMainViewController.swift */ = {isa = PBXFileReference; lastKnownFileType = sourcecode.swift; path = TabBarMainViewController.swift; sourceTree = "<group>"; };
		310AA2E42856541B0066F90D /* Base */ = {isa = PBXFileReference; lastKnownFileType = file.storyboard; name = Base; path = Base.lproj/TabBarMainViewController.storyboard; sourceTree = "<group>"; };
		310AA2E62856541E0066F90D /* Assets.xcassets */ = {isa = PBXFileReference; lastKnownFileType = folder.assetcatalog; path = Assets.xcassets; sourceTree = "<group>"; };
		310AA2E92856541E0066F90D /* Base */ = {isa = PBXFileReference; lastKnownFileType = file.storyboard; name = Base; path = Base.lproj/LaunchScreen.storyboard; sourceTree = "<group>"; };
		310AA2EB2856541E0066F90D /* Info.plist */ = {isa = PBXFileReference; lastKnownFileType = text.plist.xml; path = Info.plist; sourceTree = "<group>"; };
		310AA2F02856541E0066F90D /* SecondHand2iOSTests.xctest */ = {isa = PBXFileReference; explicitFileType = wrapper.cfbundle; includeInIndex = 0; path = SecondHand2iOSTests.xctest; sourceTree = BUILT_PRODUCTS_DIR; };
		310AA2F42856541E0066F90D /* SecondHand2iOSTests.swift */ = {isa = PBXFileReference; lastKnownFileType = sourcecode.swift; path = SecondHand2iOSTests.swift; sourceTree = "<group>"; };
		310AA2FA2856541E0066F90D /* SecondHand2iOSUITests.xctest */ = {isa = PBXFileReference; explicitFileType = wrapper.cfbundle; includeInIndex = 0; path = SecondHand2iOSUITests.xctest; sourceTree = BUILT_PRODUCTS_DIR; };
		310AA2FE2856541E0066F90D /* SecondHand2iOSUITests.swift */ = {isa = PBXFileReference; lastKnownFileType = sourcecode.swift; path = SecondHand2iOSUITests.swift; sourceTree = "<group>"; };
		310AA3002856541E0066F90D /* SecondHand2iOSUITestsLaunchTests.swift */ = {isa = PBXFileReference; lastKnownFileType = sourcecode.swift; path = SecondHand2iOSUITestsLaunchTests.swift; sourceTree = "<group>"; };
		310AA30E2856552D0066F90D /* CustomToast.swift */ = {isa = PBXFileReference; lastKnownFileType = sourcecode.swift; path = CustomToast.swift; sourceTree = "<group>"; };
		314FDDFF285BCA790077CCC7 /* String+Extension.swift */ = {isa = PBXFileReference; lastKnownFileType = sourcecode.swift; path = "String+Extension.swift"; sourceTree = "<group>"; };
		31582DEC286C27BD00383FD6 /* RegisterFullViewController.swift */ = {isa = PBXFileReference; lastKnownFileType = sourcecode.swift; path = RegisterFullViewController.swift; sourceTree = "<group>"; };
		315F73812859206D009F3511 /* LoginViewController.storyboard */ = {isa = PBXFileReference; lastKnownFileType = file.storyboard; path = LoginViewController.storyboard; sourceTree = "<group>"; };
		315F738328592078009F3511 /* LoginViewController.swift */ = {isa = PBXFileReference; lastKnownFileType = sourcecode.swift; path = LoginViewController.swift; sourceTree = "<group>"; };
		315F738628592A91009F3511 /* RegisterViewController.swift */ = {isa = PBXFileReference; lastKnownFileType = sourcecode.swift; path = RegisterViewController.swift; sourceTree = "<group>"; };
		315F738828592AD0009F3511 /* RegisterViewController.storyboard */ = {isa = PBXFileReference; lastKnownFileType = file.storyboard; path = RegisterViewController.storyboard; sourceTree = "<group>"; };
		315F738A28592FBD009F3511 /* UbahAkunViewController.swift */ = {isa = PBXFileReference; lastKnownFileType = sourcecode.swift; path = UbahAkunViewController.swift; sourceTree = "<group>"; };
		315F738F28599448009F3511 /* UIViewController+Extension.swift */ = {isa = PBXFileReference; lastKnownFileType = sourcecode.swift; path = "UIViewController+Extension.swift"; sourceTree = "<group>"; };
		316FF1252860832B0088768D /* GoogleService-Info.plist */ = {isa = PBXFileReference; fileEncoding = 4; lastKnownFileType = text.plist.xml; path = "GoogleService-Info.plist"; sourceTree = "<group>"; };
		318CB14428576AFF003EB9B1 /* HomeViewController.storyboard */ = {isa = PBXFileReference; lastKnownFileType = file.storyboard; path = HomeViewController.storyboard; sourceTree = "<group>"; };
		318CB14628576B33003EB9B1 /* HomeViewController.swift */ = {isa = PBXFileReference; lastKnownFileType = sourcecode.swift; path = HomeViewController.swift; sourceTree = "<group>"; };
		318CB14828576E09003EB9B1 /* NotifikasiTableViewController.storyboard */ = {isa = PBXFileReference; lastKnownFileType = file.storyboard; path = NotifikasiTableViewController.storyboard; sourceTree = "<group>"; };
		318CB14A28576E15003EB9B1 /* NotifikasiTableViewController.swift */ = {isa = PBXFileReference; lastKnownFileType = sourcecode.swift; path = NotifikasiTableViewController.swift; sourceTree = "<group>"; };
		318CB14D2857714D003EB9B1 /* JualViewController.storyboard */ = {isa = PBXFileReference; lastKnownFileType = file.storyboard; path = JualViewController.storyboard; sourceTree = "<group>"; };
		318CB14F285771A2003EB9B1 /* JualViewController.swift */ = {isa = PBXFileReference; lastKnownFileType = sourcecode.swift; path = JualViewController.swift; sourceTree = "<group>"; };
		318CB152285775D7003EB9B1 /* DaftarJualViewController.storyboard */ = {isa = PBXFileReference; lastKnownFileType = file.storyboard; path = DaftarJualViewController.storyboard; sourceTree = "<group>"; };
		318CB15428577625003EB9B1 /* DaftarJualViewController.swift */ = {isa = PBXFileReference; lastKnownFileType = sourcecode.swift; path = DaftarJualViewController.swift; sourceTree = "<group>"; };
		318CB15728577722003EB9B1 /* AkunViewController.storyboard */ = {isa = PBXFileReference; lastKnownFileType = file.storyboard; path = AkunViewController.storyboard; sourceTree = "<group>"; };
		318CB15928577789003EB9B1 /* AkunViewController.swift */ = {isa = PBXFileReference; lastKnownFileType = sourcecode.swift; path = AkunViewController.swift; sourceTree = "<group>"; };
		31A5422D285BD0AB0073CCDA /* SHAuthAPI.swift */ = {isa = PBXFileReference; lastKnownFileType = sourcecode.swift; path = SHAuthAPI.swift; sourceTree = "<group>"; };
		31A54232285C08820073CCDA /* SHLoginResponseModel.swift */ = {isa = PBXFileReference; lastKnownFileType = sourcecode.swift; path = SHLoginResponseModel.swift; sourceTree = "<group>"; };
		31B2CA10286127F500C8213B /* SHRegisterResponseModel.swift */ = {isa = PBXFileReference; lastKnownFileType = sourcecode.swift; path = SHRegisterResponseModel.swift; sourceTree = "<group>"; };
		31F8DDFE2861FB4700843B3F /* InfoPenawarViewController.swift */ = {isa = PBXFileReference; lastKnownFileType = sourcecode.swift; path = InfoPenawarViewController.swift; sourceTree = "<group>"; };
		31F8DE002861FB7300843B3F /* InfoPenawarViewController.storyboard */ = {isa = PBXFileReference; lastKnownFileType = file.storyboard; path = InfoPenawarViewController.storyboard; sourceTree = "<group>"; };
		31F8DE022862AC7800843B3F /* SHUpdateResponseModel.swift */ = {isa = PBXFileReference; lastKnownFileType = sourcecode.swift; path = SHUpdateResponseModel.swift; sourceTree = "<group>"; };
		31F8DE042862BC2300843B3F /* SHUserDataResponseModel.swift */ = {isa = PBXFileReference; lastKnownFileType = sourcecode.swift; path = SHUserDataResponseModel.swift; sourceTree = "<group>"; };
		501FC04F10D1FF3B5B23673C /* Pods-SecondHand2iOS-SecondHand2iOSUITests.debug.xcconfig */ = {isa = PBXFileReference; includeInIndex = 1; lastKnownFileType = text.xcconfig; name = "Pods-SecondHand2iOS-SecondHand2iOSUITests.debug.xcconfig"; path = "Target Support Files/Pods-SecondHand2iOS-SecondHand2iOSUITests/Pods-SecondHand2iOS-SecondHand2iOSUITests.debug.xcconfig"; sourceTree = "<group>"; };
		5915E6362859C28000208372 /* NotificationTableViewCell.swift */ = {isa = PBXFileReference; lastKnownFileType = sourcecode.swift; path = NotificationTableViewCell.swift; sourceTree = "<group>"; };
		5915E6372859C28000208372 /* NotificationTableViewCell.xib */ = {isa = PBXFileReference; lastKnownFileType = file.xib; path = NotificationTableViewCell.xib; sourceTree = "<group>"; };
		5915E63A2859C7AD00208372 /* Assets */ = {isa = PBXFileReference; lastKnownFileType = folder; name = Assets; path = SecondHand2iOS/Assets; sourceTree = "<group>"; };
		5915E66A285B1C7100208372 /* DaftarJualTableViewCell.xib */ = {isa = PBXFileReference; fileEncoding = 4; lastKnownFileType = file.xib; path = DaftarJualTableViewCell.xib; sourceTree = "<group>"; };
		5915E66B285B1C7100208372 /* DaftarJualTableViewCell.swift */ = {isa = PBXFileReference; fileEncoding = 4; lastKnownFileType = sourcecode.swift; path = DaftarJualTableViewCell.swift; sourceTree = "<group>"; };
		5915E674285C946D00208372 /* CustomView.swift */ = {isa = PBXFileReference; lastKnownFileType = sourcecode.swift; path = CustomView.swift; sourceTree = "<group>"; };
		5915E67628646AB100208372 /* DaftarJualCollectionViewCell.swift */ = {isa = PBXFileReference; lastKnownFileType = sourcecode.swift; path = DaftarJualCollectionViewCell.swift; sourceTree = "<group>"; };
		6B9F4BA413F4AD2DFD61F710 /* Pods_SecondHand2iOSTests.framework */ = {isa = PBXFileReference; explicitFileType = wrapper.framework; includeInIndex = 0; path = Pods_SecondHand2iOSTests.framework; sourceTree = BUILT_PRODUCTS_DIR; };
		796B8C3869D4CB05B18590CF /* Pods-SecondHand2iOSTests.debug.xcconfig */ = {isa = PBXFileReference; includeInIndex = 1; lastKnownFileType = text.xcconfig; name = "Pods-SecondHand2iOSTests.debug.xcconfig"; path = "Target Support Files/Pods-SecondHand2iOSTests/Pods-SecondHand2iOSTests.debug.xcconfig"; sourceTree = "<group>"; };
		A4418CA3285A9EF3003EE4A2 /* HomeCollectionViewCell.swift */ = {isa = PBXFileReference; lastKnownFileType = sourcecode.swift; path = HomeCollectionViewCell.swift; sourceTree = "<group>"; };
		A444A3DF285CAA3600307326 /* PreviewJualViewController.swift */ = {isa = PBXFileReference; lastKnownFileType = sourcecode.swift; path = PreviewJualViewController.swift; sourceTree = "<group>"; };
		A444A3E8285F4E8800307326 /* BannerImageCollectionViewCell.swift */ = {isa = PBXFileReference; lastKnownFileType = sourcecode.swift; path = BannerImageCollectionViewCell.swift; sourceTree = "<group>"; };
		A44DC01F2869846200CD4053 /* OverlayPenawarView.swift */ = {isa = PBXFileReference; lastKnownFileType = sourcecode.swift; path = OverlayPenawarView.swift; sourceTree = "<group>"; };
		A44DC0212869846F00CD4053 /* OverlayPenawarView.xib */ = {isa = PBXFileReference; lastKnownFileType = file.xib; path = OverlayPenawarView.xib; sourceTree = "<group>"; };
		A487A10E2869274200E29A33 /* BuyerCollectionViewCell.swift */ = {isa = PBXFileReference; lastKnownFileType = sourcecode.swift; path = BuyerCollectionViewCell.swift; sourceTree = "<group>"; };
		A487A1272869669700E29A33 /* PresentationController.swift */ = {isa = PBXFileReference; lastKnownFileType = sourcecode.swift; path = PresentationController.swift; sourceTree = "<group>"; };
		A487A1292869679B00E29A33 /* OverlayBuyerView.xib */ = {isa = PBXFileReference; lastKnownFileType = file.xib; path = OverlayBuyerView.xib; sourceTree = "<group>"; };
		A487A12B286967FE00E29A33 /* OverlayBuyerView.swift */ = {isa = PBXFileReference; lastKnownFileType = sourcecode.swift; path = OverlayBuyerView.swift; sourceTree = "<group>"; };
		A49BDAA9285B3E4C0009CB28 /* HomeProductCollectionCell.swift */ = {isa = PBXFileReference; lastKnownFileType = sourcecode.swift; path = HomeProductCollectionCell.swift; sourceTree = "<group>"; };
		A4A1ED3428651E7100633689 /* BuyerViewController.swift */ = {isa = PBXFileReference; lastKnownFileType = sourcecode.swift; path = BuyerViewController.swift; sourceTree = "<group>"; };
		A4A1ED3628651E8F00633689 /* BuyerViewController.storyboard */ = {isa = PBXFileReference; lastKnownFileType = file.storyboard; path = BuyerViewController.storyboard; sourceTree = "<group>"; };
		A4C72B882863384C00F67AE8 /* ProductDataTableViewCell.swift */ = {isa = PBXFileReference; lastKnownFileType = sourcecode.swift; path = ProductDataTableViewCell.swift; sourceTree = "<group>"; };
		A4C72B892863384C00F67AE8 /* ProductDataTableViewCell.xib */ = {isa = PBXFileReference; lastKnownFileType = file.xib; path = ProductDataTableViewCell.xib; sourceTree = "<group>"; };
		AD06DFA0798F06DD0D9DF417 /* Pods_SecondHand2iOS.framework */ = {isa = PBXFileReference; explicitFileType = wrapper.framework; includeInIndex = 0; path = Pods_SecondHand2iOS.framework; sourceTree = BUILT_PRODUCTS_DIR; };
		B499025176A19AA468186C70 /* Pods-SecondHand2iOSTests.release.xcconfig */ = {isa = PBXFileReference; includeInIndex = 1; lastKnownFileType = text.xcconfig; name = "Pods-SecondHand2iOSTests.release.xcconfig"; path = "Target Support Files/Pods-SecondHand2iOSTests/Pods-SecondHand2iOSTests.release.xcconfig"; sourceTree = "<group>"; };
		BA4E40E68F5D76254D50DB71 /* Pods-SecondHand2iOS.release.xcconfig */ = {isa = PBXFileReference; includeInIndex = 1; lastKnownFileType = text.xcconfig; name = "Pods-SecondHand2iOS.release.xcconfig"; path = "Target Support Files/Pods-SecondHand2iOS/Pods-SecondHand2iOS.release.xcconfig"; sourceTree = "<group>"; };
		BD978846B0F4B7E3BCF7F5B8 /* Pods-SecondHand2iOS-SecondHand2iOSUITests.release.xcconfig */ = {isa = PBXFileReference; includeInIndex = 1; lastKnownFileType = text.xcconfig; name = "Pods-SecondHand2iOS-SecondHand2iOSUITests.release.xcconfig"; path = "Target Support Files/Pods-SecondHand2iOS-SecondHand2iOSUITests/Pods-SecondHand2iOS-SecondHand2iOSUITests.release.xcconfig"; sourceTree = "<group>"; };
		E04D5CCAFAAF611954479D90 /* Pods-SecondHand2iOS.debug.xcconfig */ = {isa = PBXFileReference; includeInIndex = 1; lastKnownFileType = text.xcconfig; name = "Pods-SecondHand2iOS.debug.xcconfig"; path = "Target Support Files/Pods-SecondHand2iOS/Pods-SecondHand2iOS.debug.xcconfig"; sourceTree = "<group>"; };
/* End PBXFileReference section */

/* Begin PBXFrameworksBuildPhase section */
		310AA2D72856541B0066F90D /* Frameworks */ = {
			isa = PBXFrameworksBuildPhase;
			buildActionMask = 2147483647;
			files = (
				216AA476AD2489E52D36C2E3 /* Pods_SecondHand2iOS.framework in Frameworks */,
			);
			runOnlyForDeploymentPostprocessing = 0;
		};
		310AA2ED2856541E0066F90D /* Frameworks */ = {
			isa = PBXFrameworksBuildPhase;
			buildActionMask = 2147483647;
			files = (
				57B3C8A1E951A827DA80BAF6 /* Pods_SecondHand2iOSTests.framework in Frameworks */,
			);
			runOnlyForDeploymentPostprocessing = 0;
		};
		310AA2F72856541E0066F90D /* Frameworks */ = {
			isa = PBXFrameworksBuildPhase;
			buildActionMask = 2147483647;
			files = (
				209BB31C060740785998EC21 /* Pods_SecondHand2iOS_SecondHand2iOSUITests.framework in Frameworks */,
			);
			runOnlyForDeploymentPostprocessing = 0;
		};
/* End PBXFrameworksBuildPhase section */

/* Begin PBXGroup section */
		310AA2D12856541A0066F90D = {
			isa = PBXGroup;
			children = (
				5915E63A2859C7AD00208372 /* Assets */,
				310AA2DC2856541B0066F90D /* SecondHand2iOS */,
				310AA2F32856541E0066F90D /* SecondHand2iOSTests */,
				310AA2FD2856541E0066F90D /* SecondHand2iOSUITests */,
				310AA2DB2856541B0066F90D /* Products */,
				310BA4F20AB255BF26BEE21B /* Pods */,
				4F8E39B775F15C0131CA66F8 /* Frameworks */,
			);
			sourceTree = "<group>";
		};
		310AA2DB2856541B0066F90D /* Products */ = {
			isa = PBXGroup;
			children = (
				310AA2DA2856541B0066F90D /* SecondHand2iOS.app */,
				310AA2F02856541E0066F90D /* SecondHand2iOSTests.xctest */,
				310AA2FA2856541E0066F90D /* SecondHand2iOSUITests.xctest */,
			);
			name = Products;
			sourceTree = "<group>";
		};
		310AA2DC2856541B0066F90D /* SecondHand2iOS */ = {
			isa = PBXGroup;
			children = (
				3159B0AF2856576900E19F52 /* App */,
				31A5422B285BD04C0073CCDA /* DataLayer */,
				3159B0AE2856573800E19F52 /* PresentationLayer */,
				3159B0B02856579400E19F52 /* Resource */,
				310AA30D285654370066F90D /* Utility */,
			);
			path = SecondHand2iOS;
			sourceTree = "<group>";
		};
		310AA2F32856541E0066F90D /* SecondHand2iOSTests */ = {
			isa = PBXGroup;
			children = (
				310AA2F42856541E0066F90D /* SecondHand2iOSTests.swift */,
			);
			path = SecondHand2iOSTests;
			sourceTree = "<group>";
		};
		310AA2FD2856541E0066F90D /* SecondHand2iOSUITests */ = {
			isa = PBXGroup;
			children = (
				310AA2FE2856541E0066F90D /* SecondHand2iOSUITests.swift */,
				310AA3002856541E0066F90D /* SecondHand2iOSUITestsLaunchTests.swift */,
			);
			path = SecondHand2iOSUITests;
			sourceTree = "<group>";
		};
		310AA30D285654370066F90D /* Utility */ = {
			isa = PBXGroup;
			children = (
				315F738C28593A9E009F3511 /* Extension */,
				310AA30E2856552D0066F90D /* CustomToast.swift */,
			);
			path = Utility;
			sourceTree = "<group>";
		};
		310BA4F20AB255BF26BEE21B /* Pods */ = {
			isa = PBXGroup;
			children = (
				E04D5CCAFAAF611954479D90 /* Pods-SecondHand2iOS.debug.xcconfig */,
				BA4E40E68F5D76254D50DB71 /* Pods-SecondHand2iOS.release.xcconfig */,
				501FC04F10D1FF3B5B23673C /* Pods-SecondHand2iOS-SecondHand2iOSUITests.debug.xcconfig */,
				BD978846B0F4B7E3BCF7F5B8 /* Pods-SecondHand2iOS-SecondHand2iOSUITests.release.xcconfig */,
				796B8C3869D4CB05B18590CF /* Pods-SecondHand2iOSTests.debug.xcconfig */,
				B499025176A19AA468186C70 /* Pods-SecondHand2iOSTests.release.xcconfig */,
			);
			path = Pods;
			sourceTree = "<group>";
		};
		31100F3E2869EEEE0001D823 /* NotifikasiCell */ = {
			isa = PBXGroup;
			children = (
				5915E6362859C28000208372 /* NotificationTableViewCell.swift */,
				5915E6372859C28000208372 /* NotificationTableViewCell.xib */,
			);
			path = NotifikasiCell;
			sourceTree = "<group>";
		};
		3159B0AE2856573800E19F52 /* PresentationLayer */ = {
			isa = PBXGroup;
			children = (
				A4A1ED3328651DD900633689 /* Buyer */,
				31F8DDFD2861FB2600843B3F /* InfoPenawar */,
				315F738528592A7F009F3511 /* Register */,
				315F738028592057009F3511 /* Login */,
				318CB15628577716003EB9B1 /* Akun */,
				318CB151285775BE003EB9B1 /* DaftarJual */,
				318CB14C28577138003EB9B1 /* Jual */,
				318CB14328576AC7003EB9B1 /* Notifikasi */,
				318CB14228576ABF003EB9B1 /* Home */,
				318CB14128576A7D003EB9B1 /* TabBarMain */,
				31EE106D285660C10053EEB3 /* LaunchScreen */,
			);
			path = PresentationLayer;
			sourceTree = "<group>";
		};
		3159B0AF2856576900E19F52 /* App */ = {
			isa = PBXGroup;
			children = (
				310AA2DD2856541B0066F90D /* AppDelegate.swift */,
				310AA2DF2856541B0066F90D /* SceneDelegate.swift */,
			);
			path = App;
			sourceTree = "<group>";
		};
		3159B0B02856579400E19F52 /* Resource */ = {
			isa = PBXGroup;
			children = (
				316FF1252860832B0088768D /* GoogleService-Info.plist */,
				310AA2EB2856541E0066F90D /* Info.plist */,
				310AA2E62856541E0066F90D /* Assets.xcassets */,
			);
			path = Resource;
			sourceTree = "<group>";
		};
		315F738028592057009F3511 /* Login */ = {
			isa = PBXGroup;
			children = (
				315F73812859206D009F3511 /* LoginViewController.storyboard */,
				315F738328592078009F3511 /* LoginViewController.swift */,
			);
			path = Login;
			sourceTree = "<group>";
		};
		315F738528592A7F009F3511 /* Register */ = {
			isa = PBXGroup;
			children = (
				315F738828592AD0009F3511 /* RegisterViewController.storyboard */,
				315F738628592A91009F3511 /* RegisterViewController.swift */,
				31582DEC286C27BD00383FD6 /* RegisterFullViewController.swift */,
			);
			path = Register;
			sourceTree = "<group>";
		};
		315F738C28593A9E009F3511 /* Extension */ = {
			isa = PBXGroup;
			children = (
				315F738F28599448009F3511 /* UIViewController+Extension.swift */,
				314FDDFF285BCA790077CCC7 /* String+Extension.swift */,
			);
			path = Extension;
			sourceTree = "<group>";
		};
		318CB14128576A7D003EB9B1 /* TabBarMain */ = {
			isa = PBXGroup;
			children = (
				310AA2E32856541B0066F90D /* TabBarMainViewController.storyboard */,
				310AA2E12856541B0066F90D /* TabBarMainViewController.swift */,
			);
			path = TabBarMain;
			sourceTree = "<group>";
		};
		318CB14228576ABF003EB9B1 /* Home */ = {
			isa = PBXGroup;
			children = (
				318CB14428576AFF003EB9B1 /* HomeViewController.storyboard */,
				318CB14628576B33003EB9B1 /* HomeViewController.swift */,
				A4418CA5285A9EF8003EE4A2 /* Cell */,
			);
			path = Home;
			sourceTree = "<group>";
		};
		318CB14328576AC7003EB9B1 /* Notifikasi */ = {
			isa = PBXGroup;
			children = (
				318CB14828576E09003EB9B1 /* NotifikasiTableViewController.storyboard */,
				318CB14A28576E15003EB9B1 /* NotifikasiTableViewController.swift */,
				31100F3E2869EEEE0001D823 /* NotifikasiCell */,
			);
			path = Notifikasi;
			sourceTree = "<group>";
		};
		318CB14C28577138003EB9B1 /* Jual */ = {
			isa = PBXGroup;
			children = (
				A444A3E7285F4E5C00307326 /* Cell */,
				318CB14D2857714D003EB9B1 /* JualViewController.storyboard */,
				318CB14F285771A2003EB9B1 /* JualViewController.swift */,
				A444A3DF285CAA3600307326 /* PreviewJualViewController.swift */,
			);
			path = Jual;
			sourceTree = "<group>";
		};
		318CB151285775BE003EB9B1 /* DaftarJual */ = {
			isa = PBXGroup;
			children = (
				5915E66B285B1C7100208372 /* DaftarJualTableViewCell.swift */,
				5915E66A285B1C7100208372 /* DaftarJualTableViewCell.xib */,
				318CB152285775D7003EB9B1 /* DaftarJualViewController.storyboard */,
				318CB15428577625003EB9B1 /* DaftarJualViewController.swift */,
				5915E674285C946D00208372 /* CustomView.swift */,
				5915E67628646AB100208372 /* DaftarJualCollectionViewCell.swift */,
			);
			path = DaftarJual;
			sourceTree = "<group>";
		};
		318CB15628577716003EB9B1 /* Akun */ = {
			isa = PBXGroup;
			children = (
				318CB15728577722003EB9B1 /* AkunViewController.storyboard */,
				318CB15928577789003EB9B1 /* AkunViewController.swift */,
				315F738A28592FBD009F3511 /* UbahAkunViewController.swift */,
			);
			path = Akun;
			sourceTree = "<group>";
		};
		31A5422B285BD04C0073CCDA /* DataLayer */ = {
			isa = PBXGroup;
			children = (
				31A5422C285BD05D0073CCDA /* API */,
				31A5422F285BD93A0073CCDA /* Model */,
			);
			path = DataLayer;
			sourceTree = "<group>";
		};
		31A5422C285BD05D0073CCDA /* API */ = {
			isa = PBXGroup;
			children = (
				31A5422D285BD0AB0073CCDA /* SHAuthAPI.swift */,
			);
			path = API;
			sourceTree = "<group>";
		};
		31A5422F285BD93A0073CCDA /* Model */ = {
			isa = PBXGroup;
			children = (
				31B2CA1228612E4F00C8213B /* AuthModel */,
			);
			path = Model;
			sourceTree = "<group>";
		};
		31B2CA1228612E4F00C8213B /* AuthModel */ = {
			isa = PBXGroup;
			children = (
				31A54232285C08820073CCDA /* SHLoginResponseModel.swift */,
				31B2CA10286127F500C8213B /* SHRegisterResponseModel.swift */,
				31F8DE022862AC7800843B3F /* SHUpdateResponseModel.swift */,
				31F8DE042862BC2300843B3F /* SHUserDataResponseModel.swift */,
			);
			path = AuthModel;
			sourceTree = "<group>";
		};
		31EE106D285660C10053EEB3 /* LaunchScreen */ = {
			isa = PBXGroup;
			children = (
				310AA2E82856541E0066F90D /* LaunchScreen.storyboard */,
			);
			path = LaunchScreen;
			sourceTree = "<group>";
		};
		31F8DDFD2861FB2600843B3F /* InfoPenawar */ = {
			isa = PBXGroup;
			children = (
				A44DC01E2869844A00CD4053 /* OverlayPenawar */,
				A4C72B852863372700F67AE8 /* InfoPenawarCell */,
				31F8DDFE2861FB4700843B3F /* InfoPenawarViewController.swift */,
				31F8DE002861FB7300843B3F /* InfoPenawarViewController.storyboard */,
			);
			path = InfoPenawar;
			sourceTree = "<group>";
		};
		4F8E39B775F15C0131CA66F8 /* Frameworks */ = {
			isa = PBXGroup;
			children = (
				AD06DFA0798F06DD0D9DF417 /* Pods_SecondHand2iOS.framework */,
				24D1DBAFE848CF31370A992B /* Pods_SecondHand2iOS_SecondHand2iOSUITests.framework */,
				6B9F4BA413F4AD2DFD61F710 /* Pods_SecondHand2iOSTests.framework */,
			);
			name = Frameworks;
			sourceTree = "<group>";
		};
		A4418CA5285A9EF8003EE4A2 /* Cell */ = {
			isa = PBXGroup;
			children = (
				A4418CA3285A9EF3003EE4A2 /* HomeCollectionViewCell.swift */,
				A49BDAA9285B3E4C0009CB28 /* HomeProductCollectionCell.swift */,
			);
			path = Cell;
			sourceTree = "<group>";
		};
		A444A3E7285F4E5C00307326 /* Cell */ = {
			isa = PBXGroup;
			children = (
				A444A3E8285F4E8800307326 /* BannerImageCollectionViewCell.swift */,
			);
			path = Cell;
			sourceTree = "<group>";
		};
		A44DC01E2869844A00CD4053 /* OverlayPenawar */ = {
			isa = PBXGroup;
			children = (
				A44DC01F2869846200CD4053 /* OverlayPenawarView.swift */,
				A44DC0212869846F00CD4053 /* OverlayPenawarView.xib */,
			);
			path = OverlayPenawar;
			sourceTree = "<group>";
		};
		A487A10D2869271B00E29A33 /* Cell */ = {
			isa = PBXGroup;
			children = (
				A487A10E2869274200E29A33 /* BuyerCollectionViewCell.swift */,
			);
			path = Cell;
			sourceTree = "<group>";
		};
		A487A1262869656500E29A33 /* OverlayBuyer */ = {
			isa = PBXGroup;
			children = (
				A487A1272869669700E29A33 /* PresentationController.swift */,
				A487A1292869679B00E29A33 /* OverlayBuyerView.xib */,
				A487A12B286967FE00E29A33 /* OverlayBuyerView.swift */,
			);
			path = OverlayBuyer;
			sourceTree = "<group>";
		};
		A4A1ED3328651DD900633689 /* Buyer */ = {
			isa = PBXGroup;
			children = (
				A487A1262869656500E29A33 /* OverlayBuyer */,
				A487A10D2869271B00E29A33 /* Cell */,
				A4A1ED3428651E7100633689 /* BuyerViewController.swift */,
				A4A1ED3628651E8F00633689 /* BuyerViewController.storyboard */,
			);
			path = Buyer;
			sourceTree = "<group>";
		};
		A4C72B852863372700F67AE8 /* InfoPenawarCell */ = {
			isa = PBXGroup;
			children = (
				A4C72B882863384C00F67AE8 /* ProductDataTableViewCell.swift */,
				A4C72B892863384C00F67AE8 /* ProductDataTableViewCell.xib */,
			);
			path = InfoPenawarCell;
			sourceTree = "<group>";
		};
/* End PBXGroup section */

/* Begin PBXNativeTarget section */
		310AA2D92856541B0066F90D /* SecondHand2iOS */ = {
			isa = PBXNativeTarget;
			buildConfigurationList = 310AA3042856541E0066F90D /* Build configuration list for PBXNativeTarget "SecondHand2iOS" */;
			buildPhases = (
				0B1C967BE5439ADD2A091438 /* [CP] Check Pods Manifest.lock */,
				310AA2D62856541B0066F90D /* Sources */,
				310AA2D72856541B0066F90D /* Frameworks */,
				310AA2D82856541B0066F90D /* Resources */,
				BDC462B959D9448E926579F4 /* [CP] Embed Pods Frameworks */,
			);
			buildRules = (
			);
			dependencies = (
			);
			name = SecondHand2iOS;
			productName = SecondHand2iOS;
			productReference = 310AA2DA2856541B0066F90D /* SecondHand2iOS.app */;
			productType = "com.apple.product-type.application";
		};
		310AA2EF2856541E0066F90D /* SecondHand2iOSTests */ = {
			isa = PBXNativeTarget;
			buildConfigurationList = 310AA3072856541E0066F90D /* Build configuration list for PBXNativeTarget "SecondHand2iOSTests" */;
			buildPhases = (
				C5BC556C0ACA99B0BACCCE38 /* [CP] Check Pods Manifest.lock */,
				310AA2EC2856541E0066F90D /* Sources */,
				310AA2ED2856541E0066F90D /* Frameworks */,
				310AA2EE2856541E0066F90D /* Resources */,
			);
			buildRules = (
			);
			dependencies = (
				310AA2F22856541E0066F90D /* PBXTargetDependency */,
			);
			name = SecondHand2iOSTests;
			productName = SecondHand2iOSTests;
			productReference = 310AA2F02856541E0066F90D /* SecondHand2iOSTests.xctest */;
			productType = "com.apple.product-type.bundle.unit-test";
		};
		310AA2F92856541E0066F90D /* SecondHand2iOSUITests */ = {
			isa = PBXNativeTarget;
			buildConfigurationList = 310AA30A2856541E0066F90D /* Build configuration list for PBXNativeTarget "SecondHand2iOSUITests" */;
			buildPhases = (
				0FACA887F89F7A4B9A71FCD4 /* [CP] Check Pods Manifest.lock */,
				310AA2F62856541E0066F90D /* Sources */,
				310AA2F72856541E0066F90D /* Frameworks */,
				310AA2F82856541E0066F90D /* Resources */,
				DF7475FE8285BE5E8F22CBD1 /* [CP] Embed Pods Frameworks */,
			);
			buildRules = (
			);
			dependencies = (
				310AA2FC2856541E0066F90D /* PBXTargetDependency */,
			);
			name = SecondHand2iOSUITests;
			productName = SecondHand2iOSUITests;
			productReference = 310AA2FA2856541E0066F90D /* SecondHand2iOSUITests.xctest */;
			productType = "com.apple.product-type.bundle.ui-testing";
		};
/* End PBXNativeTarget section */

/* Begin PBXProject section */
		310AA2D22856541A0066F90D /* Project object */ = {
			isa = PBXProject;
			attributes = {
				BuildIndependentTargetsInParallel = 1;
				LastSwiftUpdateCheck = 1330;
				LastUpgradeCheck = 1330;
				TargetAttributes = {
					310AA2D92856541B0066F90D = {
						CreatedOnToolsVersion = 13.3.1;
					};
					310AA2EF2856541E0066F90D = {
						CreatedOnToolsVersion = 13.3.1;
						TestTargetID = 310AA2D92856541B0066F90D;
					};
					310AA2F92856541E0066F90D = {
						CreatedOnToolsVersion = 13.3.1;
						TestTargetID = 310AA2D92856541B0066F90D;
					};
				};
			};
			buildConfigurationList = 310AA2D52856541A0066F90D /* Build configuration list for PBXProject "SecondHand2iOS" */;
			compatibilityVersion = "Xcode 12.0";
			developmentRegion = en;
			hasScannedForEncodings = 0;
			knownRegions = (
				en,
				Base,
			);
			mainGroup = 310AA2D12856541A0066F90D;
			productRefGroup = 310AA2DB2856541B0066F90D /* Products */;
			projectDirPath = "";
			projectRoot = "";
			targets = (
				310AA2D92856541B0066F90D /* SecondHand2iOS */,
				310AA2EF2856541E0066F90D /* SecondHand2iOSTests */,
				310AA2F92856541E0066F90D /* SecondHand2iOSUITests */,
			);
		};
/* End PBXProject section */

/* Begin PBXResourcesBuildPhase section */
		310AA2D82856541B0066F90D /* Resources */ = {
			isa = PBXResourcesBuildPhase;
			buildActionMask = 2147483647;
			files = (
				315F73822859206D009F3511 /* LoginViewController.storyboard in Resources */,
				5915E66C285B1C7100208372 /* DaftarJualTableViewCell.xib in Resources */,
				318CB14528576AFF003EB9B1 /* HomeViewController.storyboard in Resources */,
				A4A1ED3728651E8F00633689 /* BuyerViewController.storyboard in Resources */,
				315F738928592AD0009F3511 /* RegisterViewController.storyboard in Resources */,
				A44DC0222869846F00CD4053 /* OverlayPenawarView.xib in Resources */,
				318CB153285775D7003EB9B1 /* DaftarJualViewController.storyboard in Resources */,
				316FF1262860832B0088768D /* GoogleService-Info.plist in Resources */,
				31F8DE012861FB7300843B3F /* InfoPenawarViewController.storyboard in Resources */,
				318CB15828577722003EB9B1 /* AkunViewController.storyboard in Resources */,
				310AA2EA2856541E0066F90D /* LaunchScreen.storyboard in Resources */,
				310AA2E72856541E0066F90D /* Assets.xcassets in Resources */,
				A487A12A2869679B00E29A33 /* OverlayBuyerView.xib in Resources */,
				A4C72B8B2863384C00F67AE8 /* ProductDataTableViewCell.xib in Resources */,
				310AA2E52856541B0066F90D /* TabBarMainViewController.storyboard in Resources */,
				318CB14928576E09003EB9B1 /* NotifikasiTableViewController.storyboard in Resources */,
				318CB14E2857714D003EB9B1 /* JualViewController.storyboard in Resources */,
				5915E6392859C28000208372 /* NotificationTableViewCell.xib in Resources */,
			);
			runOnlyForDeploymentPostprocessing = 0;
		};
		310AA2EE2856541E0066F90D /* Resources */ = {
			isa = PBXResourcesBuildPhase;
			buildActionMask = 2147483647;
			files = (
			);
			runOnlyForDeploymentPostprocessing = 0;
		};
		310AA2F82856541E0066F90D /* Resources */ = {
			isa = PBXResourcesBuildPhase;
			buildActionMask = 2147483647;
			files = (
			);
			runOnlyForDeploymentPostprocessing = 0;
		};
/* End PBXResourcesBuildPhase section */

/* Begin PBXShellScriptBuildPhase section */
		0B1C967BE5439ADD2A091438 /* [CP] Check Pods Manifest.lock */ = {
			isa = PBXShellScriptBuildPhase;
			buildActionMask = 2147483647;
			files = (
			);
			inputFileListPaths = (
			);
			inputPaths = (
				"${PODS_PODFILE_DIR_PATH}/Podfile.lock",
				"${PODS_ROOT}/Manifest.lock",
			);
			name = "[CP] Check Pods Manifest.lock";
			outputFileListPaths = (
			);
			outputPaths = (
				"$(DERIVED_FILE_DIR)/Pods-SecondHand2iOS-checkManifestLockResult.txt",
			);
			runOnlyForDeploymentPostprocessing = 0;
			shellPath = /bin/sh;
			shellScript = "diff \"${PODS_PODFILE_DIR_PATH}/Podfile.lock\" \"${PODS_ROOT}/Manifest.lock\" > /dev/null\nif [ $? != 0 ] ; then\n    # print error to STDERR\n    echo \"error: The sandbox is not in sync with the Podfile.lock. Run 'pod install' or update your CocoaPods installation.\" >&2\n    exit 1\nfi\n# This output is used by Xcode 'outputs' to avoid re-running this script phase.\necho \"SUCCESS\" > \"${SCRIPT_OUTPUT_FILE_0}\"\n";
			showEnvVarsInLog = 0;
		};
		0FACA887F89F7A4B9A71FCD4 /* [CP] Check Pods Manifest.lock */ = {
			isa = PBXShellScriptBuildPhase;
			buildActionMask = 2147483647;
			files = (
			);
			inputFileListPaths = (
			);
			inputPaths = (
				"${PODS_PODFILE_DIR_PATH}/Podfile.lock",
				"${PODS_ROOT}/Manifest.lock",
			);
			name = "[CP] Check Pods Manifest.lock";
			outputFileListPaths = (
			);
			outputPaths = (
				"$(DERIVED_FILE_DIR)/Pods-SecondHand2iOS-SecondHand2iOSUITests-checkManifestLockResult.txt",
			);
			runOnlyForDeploymentPostprocessing = 0;
			shellPath = /bin/sh;
			shellScript = "diff \"${PODS_PODFILE_DIR_PATH}/Podfile.lock\" \"${PODS_ROOT}/Manifest.lock\" > /dev/null\nif [ $? != 0 ] ; then\n    # print error to STDERR\n    echo \"error: The sandbox is not in sync with the Podfile.lock. Run 'pod install' or update your CocoaPods installation.\" >&2\n    exit 1\nfi\n# This output is used by Xcode 'outputs' to avoid re-running this script phase.\necho \"SUCCESS\" > \"${SCRIPT_OUTPUT_FILE_0}\"\n";
			showEnvVarsInLog = 0;
		};
		BDC462B959D9448E926579F4 /* [CP] Embed Pods Frameworks */ = {
			isa = PBXShellScriptBuildPhase;
			buildActionMask = 2147483647;
			files = (
			);
			inputFileListPaths = (
				"${PODS_ROOT}/Target Support Files/Pods-SecondHand2iOS/Pods-SecondHand2iOS-frameworks-${CONFIGURATION}-input-files.xcfilelist",
			);
			name = "[CP] Embed Pods Frameworks";
			outputFileListPaths = (
				"${PODS_ROOT}/Target Support Files/Pods-SecondHand2iOS/Pods-SecondHand2iOS-frameworks-${CONFIGURATION}-output-files.xcfilelist",
			);
			runOnlyForDeploymentPostprocessing = 0;
			shellPath = /bin/sh;
			shellScript = "\"${PODS_ROOT}/Target Support Files/Pods-SecondHand2iOS/Pods-SecondHand2iOS-frameworks.sh\"\n";
			showEnvVarsInLog = 0;
		};
		C5BC556C0ACA99B0BACCCE38 /* [CP] Check Pods Manifest.lock */ = {
			isa = PBXShellScriptBuildPhase;
			buildActionMask = 2147483647;
			files = (
			);
			inputFileListPaths = (
			);
			inputPaths = (
				"${PODS_PODFILE_DIR_PATH}/Podfile.lock",
				"${PODS_ROOT}/Manifest.lock",
			);
			name = "[CP] Check Pods Manifest.lock";
			outputFileListPaths = (
			);
			outputPaths = (
				"$(DERIVED_FILE_DIR)/Pods-SecondHand2iOSTests-checkManifestLockResult.txt",
			);
			runOnlyForDeploymentPostprocessing = 0;
			shellPath = /bin/sh;
			shellScript = "diff \"${PODS_PODFILE_DIR_PATH}/Podfile.lock\" \"${PODS_ROOT}/Manifest.lock\" > /dev/null\nif [ $? != 0 ] ; then\n    # print error to STDERR\n    echo \"error: The sandbox is not in sync with the Podfile.lock. Run 'pod install' or update your CocoaPods installation.\" >&2\n    exit 1\nfi\n# This output is used by Xcode 'outputs' to avoid re-running this script phase.\necho \"SUCCESS\" > \"${SCRIPT_OUTPUT_FILE_0}\"\n";
			showEnvVarsInLog = 0;
		};
		DF7475FE8285BE5E8F22CBD1 /* [CP] Embed Pods Frameworks */ = {
			isa = PBXShellScriptBuildPhase;
			buildActionMask = 2147483647;
			files = (
			);
			inputFileListPaths = (
				"${PODS_ROOT}/Target Support Files/Pods-SecondHand2iOS-SecondHand2iOSUITests/Pods-SecondHand2iOS-SecondHand2iOSUITests-frameworks-${CONFIGURATION}-input-files.xcfilelist",
			);
			name = "[CP] Embed Pods Frameworks";
			outputFileListPaths = (
				"${PODS_ROOT}/Target Support Files/Pods-SecondHand2iOS-SecondHand2iOSUITests/Pods-SecondHand2iOS-SecondHand2iOSUITests-frameworks-${CONFIGURATION}-output-files.xcfilelist",
			);
			runOnlyForDeploymentPostprocessing = 0;
			shellPath = /bin/sh;
			shellScript = "\"${PODS_ROOT}/Target Support Files/Pods-SecondHand2iOS-SecondHand2iOSUITests/Pods-SecondHand2iOS-SecondHand2iOSUITests-frameworks.sh\"\n";
			showEnvVarsInLog = 0;
		};
/* End PBXShellScriptBuildPhase section */

/* Begin PBXSourcesBuildPhase section */
		310AA2D62856541B0066F90D /* Sources */ = {
			isa = PBXSourcesBuildPhase;
			buildActionMask = 2147483647;
			files = (
				318CB14728576B33003EB9B1 /* HomeViewController.swift in Sources */,
				31F8DE052862BC2300843B3F /* SHUserDataResponseModel.swift in Sources */,
				310AA2E22856541B0066F90D /* TabBarMainViewController.swift in Sources */,
				5915E67728646AB100208372 /* DaftarJualCollectionViewCell.swift in Sources */,
				310AA2DE2856541B0066F90D /* AppDelegate.swift in Sources */,
				31F8DDFF2861FB4700843B3F /* InfoPenawarViewController.swift in Sources */,
				31582DED286C27BD00383FD6 /* RegisterFullViewController.swift in Sources */,
				31A5422E285BD0AB0073CCDA /* SHAuthAPI.swift in Sources */,
				318CB14B28576E15003EB9B1 /* NotifikasiTableViewController.swift in Sources */,
				A444A3E0285CAA3600307326 /* PreviewJualViewController.swift in Sources */,
				315F739028599448009F3511 /* UIViewController+Extension.swift in Sources */,
				310AA30F2856552D0066F90D /* CustomToast.swift in Sources */,
				A49BDAAA285B3E4C0009CB28 /* HomeProductCollectionCell.swift in Sources */,
				31B2CA11286127F500C8213B /* SHRegisterResponseModel.swift in Sources */,
				A487A1282869669700E29A33 /* PresentationController.swift in Sources */,
				A487A10F2869274200E29A33 /* BuyerCollectionViewCell.swift in Sources */,
				A487A12C286967FE00E29A33 /* OverlayBuyerView.swift in Sources */,
				A4418CA4285A9EF3003EE4A2 /* HomeCollectionViewCell.swift in Sources */,
				314FDE00285BCA790077CCC7 /* String+Extension.swift in Sources */,
				A44DC0202869846200CD4053 /* OverlayPenawarView.swift in Sources */,
				31A54233285C08820073CCDA /* SHLoginResponseModel.swift in Sources */,
				31F8DE032862AC7800843B3F /* SHUpdateResponseModel.swift in Sources */,
				A4C72B8A2863384C00F67AE8 /* ProductDataTableViewCell.swift in Sources */,
				315F738B28592FBD009F3511 /* UbahAkunViewController.swift in Sources */,
				318CB15A28577789003EB9B1 /* AkunViewController.swift in Sources */,
				5915E6382859C28000208372 /* NotificationTableViewCell.swift in Sources */,
				A4A1ED3528651E7100633689 /* BuyerViewController.swift in Sources */,
				318CB150285771A2003EB9B1 /* JualViewController.swift in Sources */,
				318CB15528577625003EB9B1 /* DaftarJualViewController.swift in Sources */,
				315F738428592078009F3511 /* LoginViewController.swift in Sources */,
				315F738728592A91009F3511 /* RegisterViewController.swift in Sources */,
				5915E675285C946D00208372 /* CustomView.swift in Sources */,
				310AA2E02856541B0066F90D /* SceneDelegate.swift in Sources */,
				A444A3E9285F4E8800307326 /* BannerImageCollectionViewCell.swift in Sources */,
				5915E66D285B1C7100208372 /* DaftarJualTableViewCell.swift in Sources */,
			);
			runOnlyForDeploymentPostprocessing = 0;
		};
		310AA2EC2856541E0066F90D /* Sources */ = {
			isa = PBXSourcesBuildPhase;
			buildActionMask = 2147483647;
			files = (
				310AA2F52856541E0066F90D /* SecondHand2iOSTests.swift in Sources */,
			);
			runOnlyForDeploymentPostprocessing = 0;
		};
		310AA2F62856541E0066F90D /* Sources */ = {
			isa = PBXSourcesBuildPhase;
			buildActionMask = 2147483647;
			files = (
				310AA3012856541E0066F90D /* SecondHand2iOSUITestsLaunchTests.swift in Sources */,
				310AA2FF2856541E0066F90D /* SecondHand2iOSUITests.swift in Sources */,
			);
			runOnlyForDeploymentPostprocessing = 0;
		};
/* End PBXSourcesBuildPhase section */

/* Begin PBXTargetDependency section */
		310AA2F22856541E0066F90D /* PBXTargetDependency */ = {
			isa = PBXTargetDependency;
			target = 310AA2D92856541B0066F90D /* SecondHand2iOS */;
			targetProxy = 310AA2F12856541E0066F90D /* PBXContainerItemProxy */;
		};
		310AA2FC2856541E0066F90D /* PBXTargetDependency */ = {
			isa = PBXTargetDependency;
			target = 310AA2D92856541B0066F90D /* SecondHand2iOS */;
			targetProxy = 310AA2FB2856541E0066F90D /* PBXContainerItemProxy */;
		};
/* End PBXTargetDependency section */

/* Begin PBXVariantGroup section */
		310AA2E32856541B0066F90D /* TabBarMainViewController.storyboard */ = {
			isa = PBXVariantGroup;
			children = (
				310AA2E42856541B0066F90D /* Base */,
			);
			name = TabBarMainViewController.storyboard;
			sourceTree = "<group>";
		};
		310AA2E82856541E0066F90D /* LaunchScreen.storyboard */ = {
			isa = PBXVariantGroup;
			children = (
				310AA2E92856541E0066F90D /* Base */,
			);
			name = LaunchScreen.storyboard;
			sourceTree = "<group>";
		};
/* End PBXVariantGroup section */

/* Begin XCBuildConfiguration section */
		310AA3022856541E0066F90D /* Debug */ = {
			isa = XCBuildConfiguration;
			buildSettings = {
				ALWAYS_SEARCH_USER_PATHS = NO;
				CLANG_ANALYZER_NONNULL = YES;
				CLANG_ANALYZER_NUMBER_OBJECT_CONVERSION = YES_AGGRESSIVE;
				CLANG_CXX_LANGUAGE_STANDARD = "gnu++17";
				CLANG_ENABLE_MODULES = YES;
				CLANG_ENABLE_OBJC_ARC = YES;
				CLANG_ENABLE_OBJC_WEAK = YES;
				CLANG_WARN_BLOCK_CAPTURE_AUTORELEASING = YES;
				CLANG_WARN_BOOL_CONVERSION = YES;
				CLANG_WARN_COMMA = YES;
				CLANG_WARN_CONSTANT_CONVERSION = YES;
				CLANG_WARN_DEPRECATED_OBJC_IMPLEMENTATIONS = YES;
				CLANG_WARN_DIRECT_OBJC_ISA_USAGE = YES_ERROR;
				CLANG_WARN_DOCUMENTATION_COMMENTS = YES;
				CLANG_WARN_EMPTY_BODY = YES;
				CLANG_WARN_ENUM_CONVERSION = YES;
				CLANG_WARN_INFINITE_RECURSION = YES;
				CLANG_WARN_INT_CONVERSION = YES;
				CLANG_WARN_NON_LITERAL_NULL_CONVERSION = YES;
				CLANG_WARN_OBJC_IMPLICIT_RETAIN_SELF = YES;
				CLANG_WARN_OBJC_LITERAL_CONVERSION = YES;
				CLANG_WARN_OBJC_ROOT_CLASS = YES_ERROR;
				CLANG_WARN_QUOTED_INCLUDE_IN_FRAMEWORK_HEADER = YES;
				CLANG_WARN_RANGE_LOOP_ANALYSIS = YES;
				CLANG_WARN_STRICT_PROTOTYPES = YES;
				CLANG_WARN_SUSPICIOUS_MOVE = YES;
				CLANG_WARN_UNGUARDED_AVAILABILITY = YES_AGGRESSIVE;
				CLANG_WARN_UNREACHABLE_CODE = YES;
				CLANG_WARN__DUPLICATE_METHOD_MATCH = YES;
				COPY_PHASE_STRIP = NO;
				DEBUG_INFORMATION_FORMAT = dwarf;
				ENABLE_STRICT_OBJC_MSGSEND = YES;
				ENABLE_TESTABILITY = YES;
				GCC_C_LANGUAGE_STANDARD = gnu11;
				GCC_DYNAMIC_NO_PIC = NO;
				GCC_NO_COMMON_BLOCKS = YES;
				GCC_OPTIMIZATION_LEVEL = 0;
				GCC_PREPROCESSOR_DEFINITIONS = (
					"DEBUG=1",
					"$(inherited)",
				);
				GCC_WARN_64_TO_32_BIT_CONVERSION = YES;
				GCC_WARN_ABOUT_RETURN_TYPE = YES_ERROR;
				GCC_WARN_UNDECLARED_SELECTOR = YES;
				GCC_WARN_UNINITIALIZED_AUTOS = YES_AGGRESSIVE;
				GCC_WARN_UNUSED_FUNCTION = YES;
				GCC_WARN_UNUSED_VARIABLE = YES;
				IPHONEOS_DEPLOYMENT_TARGET = 14.0;
				MTL_ENABLE_DEBUG_INFO = INCLUDE_SOURCE;
				MTL_FAST_MATH = YES;
				ONLY_ACTIVE_ARCH = YES;
				SDKROOT = iphoneos;
				SWIFT_ACTIVE_COMPILATION_CONDITIONS = DEBUG;
				SWIFT_OPTIMIZATION_LEVEL = "-Onone";
			};
			name = Debug;
		};
		310AA3032856541E0066F90D /* Release */ = {
			isa = XCBuildConfiguration;
			buildSettings = {
				ALWAYS_SEARCH_USER_PATHS = NO;
				CLANG_ANALYZER_NONNULL = YES;
				CLANG_ANALYZER_NUMBER_OBJECT_CONVERSION = YES_AGGRESSIVE;
				CLANG_CXX_LANGUAGE_STANDARD = "gnu++17";
				CLANG_ENABLE_MODULES = YES;
				CLANG_ENABLE_OBJC_ARC = YES;
				CLANG_ENABLE_OBJC_WEAK = YES;
				CLANG_WARN_BLOCK_CAPTURE_AUTORELEASING = YES;
				CLANG_WARN_BOOL_CONVERSION = YES;
				CLANG_WARN_COMMA = YES;
				CLANG_WARN_CONSTANT_CONVERSION = YES;
				CLANG_WARN_DEPRECATED_OBJC_IMPLEMENTATIONS = YES;
				CLANG_WARN_DIRECT_OBJC_ISA_USAGE = YES_ERROR;
				CLANG_WARN_DOCUMENTATION_COMMENTS = YES;
				CLANG_WARN_EMPTY_BODY = YES;
				CLANG_WARN_ENUM_CONVERSION = YES;
				CLANG_WARN_INFINITE_RECURSION = YES;
				CLANG_WARN_INT_CONVERSION = YES;
				CLANG_WARN_NON_LITERAL_NULL_CONVERSION = YES;
				CLANG_WARN_OBJC_IMPLICIT_RETAIN_SELF = YES;
				CLANG_WARN_OBJC_LITERAL_CONVERSION = YES;
				CLANG_WARN_OBJC_ROOT_CLASS = YES_ERROR;
				CLANG_WARN_QUOTED_INCLUDE_IN_FRAMEWORK_HEADER = YES;
				CLANG_WARN_RANGE_LOOP_ANALYSIS = YES;
				CLANG_WARN_STRICT_PROTOTYPES = YES;
				CLANG_WARN_SUSPICIOUS_MOVE = YES;
				CLANG_WARN_UNGUARDED_AVAILABILITY = YES_AGGRESSIVE;
				CLANG_WARN_UNREACHABLE_CODE = YES;
				CLANG_WARN__DUPLICATE_METHOD_MATCH = YES;
				COPY_PHASE_STRIP = NO;
				DEBUG_INFORMATION_FORMAT = "dwarf-with-dsym";
				ENABLE_NS_ASSERTIONS = NO;
				ENABLE_STRICT_OBJC_MSGSEND = YES;
				GCC_C_LANGUAGE_STANDARD = gnu11;
				GCC_NO_COMMON_BLOCKS = YES;
				GCC_WARN_64_TO_32_BIT_CONVERSION = YES;
				GCC_WARN_ABOUT_RETURN_TYPE = YES_ERROR;
				GCC_WARN_UNDECLARED_SELECTOR = YES;
				GCC_WARN_UNINITIALIZED_AUTOS = YES_AGGRESSIVE;
				GCC_WARN_UNUSED_FUNCTION = YES;
				GCC_WARN_UNUSED_VARIABLE = YES;
				IPHONEOS_DEPLOYMENT_TARGET = 14.0;
				MTL_ENABLE_DEBUG_INFO = NO;
				MTL_FAST_MATH = YES;
				SDKROOT = iphoneos;
				SWIFT_COMPILATION_MODE = wholemodule;
				SWIFT_OPTIMIZATION_LEVEL = "-O";
				VALIDATE_PRODUCT = YES;
			};
			name = Release;
		};
		310AA3052856541E0066F90D /* Debug */ = {
			isa = XCBuildConfiguration;
			baseConfigurationReference = E04D5CCAFAAF611954479D90 /* Pods-SecondHand2iOS.debug.xcconfig */;
			buildSettings = {
				ASSETCATALOG_COMPILER_APPICON_NAME = AppIcon;
				ASSETCATALOG_COMPILER_GLOBAL_ACCENT_COLOR_NAME = AccentColor;
				CODE_SIGN_STYLE = Manual;
				CURRENT_PROJECT_VERSION = 1;
				DEVELOPMENT_TEAM = "";
				GENERATE_INFOPLIST_FILE = YES;
				INFOPLIST_FILE = SecondHand2iOS/Resource/Info.plist;
				INFOPLIST_KEY_UIApplicationSupportsIndirectInputEvents = YES;
				INFOPLIST_KEY_UILaunchStoryboardName = LaunchScreen;
				INFOPLIST_KEY_UIMainStoryboardFile = TabBarMainViewController;
				INFOPLIST_KEY_UISupportedInterfaceOrientations = UIInterfaceOrientationPortrait;
				INFOPLIST_KEY_UISupportedInterfaceOrientations_iPad = "UIInterfaceOrientationPortrait UIInterfaceOrientationPortraitUpsideDown UIInterfaceOrientationLandscapeLeft UIInterfaceOrientationLandscapeRight";
				INFOPLIST_KEY_UISupportedInterfaceOrientations_iPhone = "UIInterfaceOrientationPortrait UIInterfaceOrientationLandscapeLeft UIInterfaceOrientationLandscapeRight";
				IPHONEOS_DEPLOYMENT_TARGET = 14.0;
				LD_RUNPATH_SEARCH_PATHS = (
					"$(inherited)",
					"@executable_path/Frameworks",
				);
				MARKETING_VERSION = 1.0;
				PRODUCT_BUNDLE_IDENTIFIER = com.binar.SecondHand2iOS;
				PRODUCT_NAME = "$(TARGET_NAME)";
				PROVISIONING_PROFILE_SPECIFIER = "";
				SWIFT_EMIT_LOC_STRINGS = YES;
				SWIFT_VERSION = 5.0;
				TARGETED_DEVICE_FAMILY = "1,2";
			};
			name = Debug;
		};
		310AA3062856541E0066F90D /* Release */ = {
			isa = XCBuildConfiguration;
			baseConfigurationReference = BA4E40E68F5D76254D50DB71 /* Pods-SecondHand2iOS.release.xcconfig */;
			buildSettings = {
				ASSETCATALOG_COMPILER_APPICON_NAME = AppIcon;
				ASSETCATALOG_COMPILER_GLOBAL_ACCENT_COLOR_NAME = AccentColor;
				CODE_SIGN_STYLE = Manual;
				CURRENT_PROJECT_VERSION = 1;
				DEVELOPMENT_TEAM = "";
				GENERATE_INFOPLIST_FILE = YES;
				INFOPLIST_FILE = SecondHand2iOS/Resource/Info.plist;
				INFOPLIST_KEY_UIApplicationSupportsIndirectInputEvents = YES;
				INFOPLIST_KEY_UILaunchStoryboardName = LaunchScreen;
				INFOPLIST_KEY_UIMainStoryboardFile = TabBarMainViewController;
				INFOPLIST_KEY_UISupportedInterfaceOrientations = UIInterfaceOrientationPortrait;
				INFOPLIST_KEY_UISupportedInterfaceOrientations_iPad = "UIInterfaceOrientationPortrait UIInterfaceOrientationPortraitUpsideDown UIInterfaceOrientationLandscapeLeft UIInterfaceOrientationLandscapeRight";
				INFOPLIST_KEY_UISupportedInterfaceOrientations_iPhone = "UIInterfaceOrientationPortrait UIInterfaceOrientationLandscapeLeft UIInterfaceOrientationLandscapeRight";
				IPHONEOS_DEPLOYMENT_TARGET = 14.0;
				LD_RUNPATH_SEARCH_PATHS = (
					"$(inherited)",
					"@executable_path/Frameworks",
				);
				MARKETING_VERSION = 1.0;
				PRODUCT_BUNDLE_IDENTIFIER = com.binar.SecondHand2iOS;
				PRODUCT_NAME = "$(TARGET_NAME)";
				PROVISIONING_PROFILE_SPECIFIER = "";
				SWIFT_EMIT_LOC_STRINGS = YES;
				SWIFT_VERSION = 5.0;
				TARGETED_DEVICE_FAMILY = "1,2";
			};
			name = Release;
		};
		310AA3082856541E0066F90D /* Debug */ = {
			isa = XCBuildConfiguration;
			baseConfigurationReference = 796B8C3869D4CB05B18590CF /* Pods-SecondHand2iOSTests.debug.xcconfig */;
			buildSettings = {
				ALWAYS_EMBED_SWIFT_STANDARD_LIBRARIES = YES;
				BUNDLE_LOADER = "$(TEST_HOST)";
				"CODE_SIGN_IDENTITY[sdk=macosx*]" = "Apple Development";
				CODE_SIGN_STYLE = Manual;
				CURRENT_PROJECT_VERSION = 1;
				DEVELOPMENT_TEAM = "";
				GENERATE_INFOPLIST_FILE = YES;
				IPHONEOS_DEPLOYMENT_TARGET = 14.0;
				MARKETING_VERSION = 1.0;
				PRODUCT_BUNDLE_IDENTIFIER = ulfras.SecondHand2iOSTests;
				PRODUCT_NAME = "$(TARGET_NAME)";
				PROVISIONING_PROFILE_SPECIFIER = "";
				"PROVISIONING_PROFILE_SPECIFIER[sdk=macosx*]" = "";
				SWIFT_EMIT_LOC_STRINGS = NO;
				SWIFT_VERSION = 5.0;
				TARGETED_DEVICE_FAMILY = "1,2";
				TEST_HOST = "$(BUILT_PRODUCTS_DIR)/SecondHand2iOS.app/SecondHand2iOS";
			};
			name = Debug;
		};
		310AA3092856541E0066F90D /* Release */ = {
			isa = XCBuildConfiguration;
			baseConfigurationReference = B499025176A19AA468186C70 /* Pods-SecondHand2iOSTests.release.xcconfig */;
			buildSettings = {
				ALWAYS_EMBED_SWIFT_STANDARD_LIBRARIES = YES;
				BUNDLE_LOADER = "$(TEST_HOST)";
				"CODE_SIGN_IDENTITY[sdk=macosx*]" = "Apple Development";
				CODE_SIGN_STYLE = Manual;
				CURRENT_PROJECT_VERSION = 1;
				DEVELOPMENT_TEAM = "";
				GENERATE_INFOPLIST_FILE = YES;
				IPHONEOS_DEPLOYMENT_TARGET = 14.0;
				MARKETING_VERSION = 1.0;
				PRODUCT_BUNDLE_IDENTIFIER = ulfras.SecondHand2iOSTests;
				PRODUCT_NAME = "$(TARGET_NAME)";
				PROVISIONING_PROFILE_SPECIFIER = "";
				"PROVISIONING_PROFILE_SPECIFIER[sdk=macosx*]" = "";
				SWIFT_EMIT_LOC_STRINGS = NO;
				SWIFT_VERSION = 5.0;
				TARGETED_DEVICE_FAMILY = "1,2";
				TEST_HOST = "$(BUILT_PRODUCTS_DIR)/SecondHand2iOS.app/SecondHand2iOS";
			};
			name = Release;
		};
		310AA30B2856541E0066F90D /* Debug */ = {
			isa = XCBuildConfiguration;
			baseConfigurationReference = 501FC04F10D1FF3B5B23673C /* Pods-SecondHand2iOS-SecondHand2iOSUITests.debug.xcconfig */;
			buildSettings = {
				ALWAYS_EMBED_SWIFT_STANDARD_LIBRARIES = YES;
				CODE_SIGN_STYLE = Manual;
				CURRENT_PROJECT_VERSION = 1;
				DEVELOPMENT_TEAM = "";
				GENERATE_INFOPLIST_FILE = YES;
				MARKETING_VERSION = 1.0;
				PRODUCT_BUNDLE_IDENTIFIER = ulfras.SecondHand2iOSUITests;
				PRODUCT_NAME = "$(TARGET_NAME)";
				PROVISIONING_PROFILE_SPECIFIER = "";
				"PROVISIONING_PROFILE_SPECIFIER[sdk=macosx*]" = "";
				SWIFT_EMIT_LOC_STRINGS = NO;
				SWIFT_VERSION = 5.0;
				TARGETED_DEVICE_FAMILY = "1,2";
				TEST_TARGET_NAME = SecondHand2iOS;
			};
			name = Debug;
		};
		310AA30C2856541E0066F90D /* Release */ = {
			isa = XCBuildConfiguration;
			baseConfigurationReference = BD978846B0F4B7E3BCF7F5B8 /* Pods-SecondHand2iOS-SecondHand2iOSUITests.release.xcconfig */;
			buildSettings = {
				ALWAYS_EMBED_SWIFT_STANDARD_LIBRARIES = YES;
				CODE_SIGN_STYLE = Manual;
				CURRENT_PROJECT_VERSION = 1;
				DEVELOPMENT_TEAM = "";
				GENERATE_INFOPLIST_FILE = YES;
				MARKETING_VERSION = 1.0;
				PRODUCT_BUNDLE_IDENTIFIER = ulfras.SecondHand2iOSUITests;
				PRODUCT_NAME = "$(TARGET_NAME)";
				PROVISIONING_PROFILE_SPECIFIER = "";
				"PROVISIONING_PROFILE_SPECIFIER[sdk=macosx*]" = "";
				SWIFT_EMIT_LOC_STRINGS = NO;
				SWIFT_VERSION = 5.0;
				TARGETED_DEVICE_FAMILY = "1,2";
				TEST_TARGET_NAME = SecondHand2iOS;
			};
			name = Release;
		};
/* End XCBuildConfiguration section */

/* Begin XCConfigurationList section */
		310AA2D52856541A0066F90D /* Build configuration list for PBXProject "SecondHand2iOS" */ = {
			isa = XCConfigurationList;
			buildConfigurations = (
				310AA3022856541E0066F90D /* Debug */,
				310AA3032856541E0066F90D /* Release */,
			);
			defaultConfigurationIsVisible = 0;
			defaultConfigurationName = Release;
		};
		310AA3042856541E0066F90D /* Build configuration list for PBXNativeTarget "SecondHand2iOS" */ = {
			isa = XCConfigurationList;
			buildConfigurations = (
				310AA3052856541E0066F90D /* Debug */,
				310AA3062856541E0066F90D /* Release */,
			);
			defaultConfigurationIsVisible = 0;
			defaultConfigurationName = Release;
		};
		310AA3072856541E0066F90D /* Build configuration list for PBXNativeTarget "SecondHand2iOSTests" */ = {
			isa = XCConfigurationList;
			buildConfigurations = (
				310AA3082856541E0066F90D /* Debug */,
				310AA3092856541E0066F90D /* Release */,
			);
			defaultConfigurationIsVisible = 0;
			defaultConfigurationName = Release;
		};
		310AA30A2856541E0066F90D /* Build configuration list for PBXNativeTarget "SecondHand2iOSUITests" */ = {
			isa = XCConfigurationList;
			buildConfigurations = (
				310AA30B2856541E0066F90D /* Debug */,
				310AA30C2856541E0066F90D /* Release */,
			);
			defaultConfigurationIsVisible = 0;
			defaultConfigurationName = Release;
		};
/* End XCConfigurationList section */
	};
	rootObject = 310AA2D22856541A0066F90D /* Project object */;
}
